
Microsoft Visual Studio Solution File, Format Version 12.00
# Visual Studio Version 16
VisualStudioVersion = 16.0.31019.35
MinimumVisualStudioVersion = 10.0.40219.1
Project("{FAE04EC0-301F-11D3-BF4B-00C04F79EFBC}") = "lab-2", "lab-2\lab-2.csproj", "{472A9D33-F4D7-472F-B1CC-02736F295820}"
EndProject
Global
	GlobalSection(SolutionConfigurationPlatforms) = preSolution
		Debug|Any CPU = Debug|Any CPU
		Release|Any CPU = Release|Any CPU
	EndGlobalSection
	GlobalSection(ProjectConfigurationPlatforms) = postSolution
		{472A9D33-F4D7-472F-B1CC-02736F295820}.Debug|Any CPU.ActiveCfg = Debug|Any CPU
		{472A9D33-F4D7-472F-B1CC-02736F295820}.Debug|Any CPU.Build.0 = Debug|Any CPU
		{472A9D33-F4D7-472F-B1CC-02736F295820}.Release|Any CPU.ActiveCfg = Release|Any CPU
		{472A9D33-F4D7-472F-B1CC-02736F295820}.Release|Any CPU.Build.0 = Release|Any CPU
	EndGlobalSection
	GlobalSection(SolutionProperties) = preSolution
		HideSolutionNode = FALSE
	EndGlobalSection
	GlobalSection(ExtensibilityGlobals) = postSolution
		SolutionGuid = {AB228F5C-8A0D-4F5B-9CA4-234C338F1344}
	EndGlobalSection
EndGlobal
